
Microsoft Visual Studio Solution File, Format Version 12.00
# Visual Studio 15
VisualStudioVersion = 15.0.27130.2027
MinimumVisualStudioVersion = 10.0.40219.1
Project("{9A19103F-16F7-4668-BE54-9A1E7A4F7556}") = "1. Max Sequence of Equal Elements", "1. Max Sequence of Equal Elements\1. Max Sequence of Equal Elements.csproj", "{F42FA5AA-1EE0-42A6-9A09-62C152AFECFD}"
EndProject
Project("{9A19103F-16F7-4668-BE54-9A1E7A4F7556}") = "2. Change List", "2. Change List\2. Change List.csproj", "{0373CFA5-EA97-4D51-8E87-47D7472F2F27}"
EndProject
Project("{FAE04EC0-301F-11D3-BF4B-00C04F79EFBC}") = "3. Search for a Number", "3. Search for a Number\3. Search for a Number.csproj", "{9E7A9CC1-C9C0-4528-804F-2C6EBF80C1DD}"
EndProject
Project("{FAE04EC0-301F-11D3-BF4B-00C04F79EFBC}") = "6. Sum Reversed Numbers", "6. Sum Reversed Numbers\6. Sum Reversed Numbers.csproj", "{D26316BD-BBA3-49DD-B0BD-2F5D73464548}"
EndProject
Global
	GlobalSection(SolutionConfigurationPlatforms) = preSolution
		Debug|Any CPU = Debug|Any CPU
		Release|Any CPU = Release|Any CPU
	EndGlobalSection
	GlobalSection(ProjectConfigurationPlatforms) = postSolution
		{F42FA5AA-1EE0-42A6-9A09-62C152AFECFD}.Debug|Any CPU.ActiveCfg = Debug|Any CPU
		{F42FA5AA-1EE0-42A6-9A09-62C152AFECFD}.Debug|Any CPU.Build.0 = Debug|Any CPU
		{F42FA5AA-1EE0-42A6-9A09-62C152AFECFD}.Release|Any CPU.ActiveCfg = Release|Any CPU
		{F42FA5AA-1EE0-42A6-9A09-62C152AFECFD}.Release|Any CPU.Build.0 = Release|Any CPU
		{0373CFA5-EA97-4D51-8E87-47D7472F2F27}.Debug|Any CPU.ActiveCfg = Debug|Any CPU
		{0373CFA5-EA97-4D51-8E87-47D7472F2F27}.Debug|Any CPU.Build.0 = Debug|Any CPU
		{0373CFA5-EA97-4D51-8E87-47D7472F2F27}.Release|Any CPU.ActiveCfg = Release|Any CPU
		{0373CFA5-EA97-4D51-8E87-47D7472F2F27}.Release|Any CPU.Build.0 = Release|Any CPU
		{9E7A9CC1-C9C0-4528-804F-2C6EBF80C1DD}.Debug|Any CPU.ActiveCfg = Debug|Any CPU
		{9E7A9CC1-C9C0-4528-804F-2C6EBF80C1DD}.Debug|Any CPU.Build.0 = Debug|Any CPU
		{9E7A9CC1-C9C0-4528-804F-2C6EBF80C1DD}.Release|Any CPU.ActiveCfg = Release|Any CPU
		{9E7A9CC1-C9C0-4528-804F-2C6EBF80C1DD}.Release|Any CPU.Build.0 = Release|Any CPU
		{D26316BD-BBA3-49DD-B0BD-2F5D73464548}.Debug|Any CPU.ActiveCfg = Debug|Any CPU
		{D26316BD-BBA3-49DD-B0BD-2F5D73464548}.Debug|Any CPU.Build.0 = Debug|Any CPU
		{D26316BD-BBA3-49DD-B0BD-2F5D73464548}.Release|Any CPU.ActiveCfg = Release|Any CPU
		{D26316BD-BBA3-49DD-B0BD-2F5D73464548}.Release|Any CPU.Build.0 = Release|Any CPU
	EndGlobalSection
	GlobalSection(SolutionProperties) = preSolution
		HideSolutionNode = FALSE
	EndGlobalSection
	GlobalSection(ExtensibilityGlobals) = postSolution
		SolutionGuid = {3324E8AA-2D13-4C07-BB2F-215A64B3B309}
	EndGlobalSection
EndGlobal
